<Solution>
  <Project Path="DirectoryService.Contracts/DirectoryService.Contracts.csproj"/>
  <Project Path="DirectoryService.Domain/DirectoryService.Domain.csproj"/>
  <Project Path="DirectoryService.Infrastructure.Postgres/DirectoryService.Infrastructure.Postgres.csproj"/>
  <Project Path="DirectoryService.Web/DirectoryService.Web.csproj"/>
  <Project Path="Test/Test.csproj"/>
</Solution>